
Microsoft Visual Studio Solution File, Format Version 12.00
# Visual Studio Version 16
VisualStudioVersion = 16.0.31112.23
MinimumVisualStudioVersion = 10.0.40219.1
Project("{FAE04EC0-301F-11D3-BF4B-00C04F79EFBC}") = "kararDestek", "kararDestek.csproj", "{1FA1495F-2F3A-4E42-8E75-BF3D6E3320CA}"
EndProject
Global
	GlobalSection(SolutionConfigurationPlatforms) = preSolution
		Debug|Any CPU = Debug|Any CPU
		Release|Any CPU = Release|Any CPU
	EndGlobalSection
	GlobalSection(ProjectConfigurationPlatforms) = postSolution
		{1FA1495F-2F3A-4E42-8E75-BF3D6E3320CA}.Debug|Any CPU.ActiveCfg = Debug|Any CPU
		{1FA1495F-2F3A-4E42-8E75-BF3D6E3320CA}.Debug|Any CPU.Build.0 = Debug|Any CPU
		{1FA1495F-2F3A-4E42-8E75-BF3D6E3320CA}.Release|Any CPU.ActiveCfg = Release|Any CPU
		{1FA1495F-2F3A-4E42-8E75-BF3D6E3320CA}.Release|Any CPU.Build.0 = Release|Any CPU
	EndGlobalSection
	GlobalSection(SolutionProperties) = preSolution
		HideSolutionNode = FALSE
	EndGlobalSection
	GlobalSection(ExtensibilityGlobals) = postSolution
		SolutionGuid = {83DF80F3-5786-4342-955E-D076E94B9FC3}
	EndGlobalSection
EndGlobal
